{
  "name": "bitcoin",
  "lockfileVersion": 3,
  "requires": true,
  "packages": {
    "": {
      "devDependencies": {
        "@types/morgan": "^1.9.4"
      }
    },
    "node_modules/@types/morgan": {
      "version": "1.9.4",
      "resolved": "https://registry.npmjs.org/@types/morgan/-/morgan-1.9.4.tgz",
      "integrity": "sha512-cXoc4k+6+YAllH3ZHmx4hf7La1dzUk6keTR4bF4b4Sc0mZxU/zK4wO7l+ZzezXm/jkYj/qC+uYGZrarZdIVvyQ==",
      "dev": true,
      "dependencies": {
        "@types/node": "*"
      }
    },
    "node_modules/@types/node": {
      "version": "20.2.5",
      "resolved": "https://registry.npmjs.org/@types/node/-/node-20.2.5.tgz",
      "integrity": "sha512-JJulVEQXmiY9Px5axXHeYGLSjhkZEnD+MDPDGbCbIAbMslkKwmygtZFy1X6s/075Yo94sf8GuSlFfPzysQrWZQ==",
      "dev": true
    }
  }
}
